
Microsoft Visual Studio Solution File, Format Version 12.00
# Visual Studio 14
VisualStudioVersion = 14.0.24720.0
MinimumVisualStudioVersion = 10.0.40219.1
Project("{FAE04EC0-301F-11D3-BF4B-00C04F79EFBC}") = "TestApp (Android)", "TestApp\TestApp (Android).csproj", "{C57FDF82-6591-4ACF-B422-1572869736D2}"
EndProject
Project("{FAE04EC0-301F-11D3-BF4B-00C04F79EFBC}") = "TestApp", "TestApp (Windows)\TestApp.csproj", "{4404A055-3B79-47AF-AD76-22A76B01E03A}"
EndProject
Project("{D954291E-2A0B-460D-934E-DC6B0785DB48}") = "Shared", "Shared\Shared.shproj", "{6A102C25-BD58-41FB-9EB1-E18CF7CE685E}"
EndProject
Global
	GlobalSection(SharedMSBuildProjectFiles) = preSolution
		Shared\Shared.projitems*{c57fdf82-6591-4acf-b422-1572869736d2}*SharedItemsImports = 4
		Shared\Shared.projitems*{6a102c25-bd58-41fb-9eb1-e18cf7ce685e}*SharedItemsImports = 13
		Shared\Shared.projitems*{4404a055-3b79-47af-ad76-22a76b01e03a}*SharedItemsImports = 4
	EndGlobalSection
	GlobalSection(SolutionConfigurationPlatforms) = preSolution
		Debug|Any CPU = Debug|Any CPU
		Debug|ARM = Debug|ARM
		Debug|x64 = Debug|x64
		Debug|x86 = Debug|x86
		Release|Any CPU = Release|Any CPU
		Release|ARM = Release|ARM
		Release|x64 = Release|x64
		Release|x86 = Release|x86
	EndGlobalSection
	GlobalSection(ProjectConfigurationPlatforms) = postSolution
		{C57FDF82-6591-4ACF-B422-1572869736D2}.Debug|Any CPU.ActiveCfg = Debug|Any CPU
		{C57FDF82-6591-4ACF-B422-1572869736D2}.Debug|Any CPU.Build.0 = Debug|Any CPU
		{C57FDF82-6591-4ACF-B422-1572869736D2}.Debug|Any CPU.Deploy.0 = Debug|Any CPU
		{C57FDF82-6591-4ACF-B422-1572869736D2}.Debug|ARM.ActiveCfg = Debug|Any CPU
		{C57FDF82-6591-4ACF-B422-1572869736D2}.Debug|ARM.Build.0 = Debug|Any CPU
		{C57FDF82-6591-4ACF-B422-1572869736D2}.Debug|ARM.Deploy.0 = Debug|Any CPU
		{C57FDF82-6591-4ACF-B422-1572869736D2}.Debug|x64.ActiveCfg = Debug|Any CPU
		{C57FDF82-6591-4ACF-B422-1572869736D2}.Debug|x64.Build.0 = Debug|Any CPU
		{C57FDF82-6591-4ACF-B422-1572869736D2}.Debug|x64.Deploy.0 = Debug|Any CPU
		{C57FDF82-6591-4ACF-B422-1572869736D2}.Debug|x86.ActiveCfg = Debug|Any CPU
		{C57FDF82-6591-4ACF-B422-1572869736D2}.Debug|x86.Build.0 = Debug|Any CPU
		{C57FDF82-6591-4ACF-B422-1572869736D2}.Debug|x86.Deploy.0 = Debug|Any CPU
		{C57FDF82-6591-4ACF-B422-1572869736D2}.Release|Any CPU.ActiveCfg = Release|Any CPU
		{C57FDF82-6591-4ACF-B422-1572869736D2}.Release|Any CPU.Build.0 = Release|Any CPU
		{C57FDF82-6591-4ACF-B422-1572869736D2}.Release|Any CPU.Deploy.0 = Release|Any CPU
		{C57FDF82-6591-4ACF-B422-1572869736D2}.Release|ARM.ActiveCfg = Release|Any CPU
		{C57FDF82-6591-4ACF-B422-1572869736D2}.Release|ARM.Build.0 = Release|Any CPU
		{C57FDF82-6591-4ACF-B422-1572869736D2}.Release|ARM.Deploy.0 = Release|Any CPU
		{C57FDF82-6591-4ACF-B422-1572869736D2}.Release|x64.ActiveCfg = Release|Any CPU
		{C57FDF82-6591-4ACF-B422-1572869736D2}.Release|x64.Build.0 = Release|Any CPU
		{C57FDF82-6591-4ACF-B422-1572869736D2}.Release|x64.Deploy.0 = Release|Any CPU
		{C57FDF82-6591-4ACF-B422-1572869736D2}.Release|x86.ActiveCfg = Release|Any CPU
		{C57FDF82-6591-4ACF-B422-1572869736D2}.Release|x86.Build.0 = Release|Any CPU
		{C57FDF82-6591-4ACF-B422-1572869736D2}.Release|x86.Deploy.0 = Release|Any CPU
		{4404A055-3B79-47AF-AD76-22A76B01E03A}.Debug|Any CPU.ActiveCfg = Debug|Any CPU
		{4404A055-3B79-47AF-AD76-22A76B01E03A}.Debug|Any CPU.Build.0 = Debug|Any CPU
		{4404A055-3B79-47AF-AD76-22A76B01E03A}.Debug|Any CPU.Deploy.0 = Debug|Any CPU
		{4404A055-3B79-47AF-AD76-22A76B01E03A}.Debug|ARM.ActiveCfg = Debug|ARM
		{4404A055-3B79-47AF-AD76-22A76B01E03A}.Debug|ARM.Build.0 = Debug|ARM
		{4404A055-3B79-47AF-AD76-22A76B01E03A}.Debug|ARM.Deploy.0 = Debug|ARM
		{4404A055-3B79-47AF-AD76-22A76B01E03A}.Debug|x64.ActiveCfg = Debug|x64
		{4404A055-3B79-47AF-AD76-22A76B01E03A}.Debug|x64.Build.0 = Debug|x64
		{4404A055-3B79-47AF-AD76-22A76B01E03A}.Debug|x64.Deploy.0 = Debug|x64
		{4404A055-3B79-47AF-AD76-22A76B01E03A}.Debug|x86.ActiveCfg = Debug|x86
		{4404A055-3B79-47AF-AD76-22A76B01E03A}.Debug|x86.Build.0 = Debug|x86
		{4404A055-3B79-47AF-AD76-22A76B01E03A}.Debug|x86.Deploy.0 = Debug|x86
		{4404A055-3B79-47AF-AD76-22A76B01E03A}.Release|Any CPU.ActiveCfg = Release|Any CPU
		{4404A055-3B79-47AF-AD76-22A76B01E03A}.Release|Any CPU.Build.0 = Release|Any CPU
		{4404A055-3B79-47AF-AD76-22A76B01E03A}.Release|Any CPU.Deploy.0 = Release|Any CPU
		{4404A055-3B79-47AF-AD76-22A76B01E03A}.Release|ARM.ActiveCfg = Release|ARM
		{4404A055-3B79-47AF-AD76-22A76B01E03A}.Release|ARM.Build.0 = Release|ARM
		{4404A055-3B79-47AF-AD76-22A76B01E03A}.Release|ARM.Deploy.0 = Release|ARM
		{4404A055-3B79-47AF-AD76-22A76B01E03A}.Release|x64.ActiveCfg = Release|x64
		{4404A055-3B79-47AF-AD76-22A76B01E03A}.Release|x64.Build.0 = Release|x64
		{4404A055-3B79-47AF-AD76-22A76B01E03A}.Release|x64.Deploy.0 = Release|x64
		{4404A055-3B79-47AF-AD76-22A76B01E03A}.Release|x86.ActiveCfg = Release|x86
		{4404A055-3B79-47AF-AD76-22A76B01E03A}.Release|x86.Build.0 = Release|x86
		{4404A055-3B79-47AF-AD76-22A76B01E03A}.Release|x86.Deploy.0 = Release|x86
	EndGlobalSection
	GlobalSection(SolutionProperties) = preSolution
		HideSolutionNode = FALSE
	EndGlobalSection
EndGlobal
