
Microsoft Visual Studio Solution File, Format Version 12.00
# Visual Studio 2012
Project("{FAE04EC0-301F-11D3-BF4B-00C04F79EFBC}") = "Test", "Test\Test.csproj", "{AFF0B0D2-FBF2-4702-8A85-000C2DBEF328}"
EndProject
Project("{FAE04EC0-301F-11D3-BF4B-00C04F79EFBC}") = "Test.iOS", "iOS\Test.iOS.csproj", "{E326AE1B-B61F-4167-9C92-D52E307010A7}"
EndProject
Project("{FAE04EC0-301F-11D3-BF4B-00C04F79EFBC}") = "Test.Droid", "Droid\Test.Droid.csproj", "{699F8C1E-87B8-4591-B4D5-75741BBD87A3}"
EndProject
Project("{FAE04EC0-301F-11D3-BF4B-00C04F79EFBC}") = "Test.UITests", "UITests\Test.UITests.csproj", "{A0C6D72F-D4A9-4399-B38B-14E3A0234FB6}"
EndProject
Global
	GlobalSection(SolutionConfigurationPlatforms) = preSolution
		Debug|Any CPU = Debug|Any CPU
		Release|Any CPU = Release|Any CPU
		Debug|iPhoneSimulator = Debug|iPhoneSimulator
		Release|iPhone = Release|iPhone
		Release|iPhoneSimulator = Release|iPhoneSimulator
		Debug|iPhone = Debug|iPhone
	EndGlobalSection
	GlobalSection(ProjectConfigurationPlatforms) = postSolution
		{699F8C1E-87B8-4591-B4D5-75741BBD87A3}.Debug|Any CPU.ActiveCfg = Debug|Any CPU
		{699F8C1E-87B8-4591-B4D5-75741BBD87A3}.Debug|Any CPU.Build.0 = Debug|Any CPU
		{699F8C1E-87B8-4591-B4D5-75741BBD87A3}.Debug|iPhone.ActiveCfg = Debug|Any CPU
		{699F8C1E-87B8-4591-B4D5-75741BBD87A3}.Debug|iPhone.Build.0 = Debug|Any CPU
		{699F8C1E-87B8-4591-B4D5-75741BBD87A3}.Debug|iPhoneSimulator.ActiveCfg = Debug|Any CPU
		{699F8C1E-87B8-4591-B4D5-75741BBD87A3}.Debug|iPhoneSimulator.Build.0 = Debug|Any CPU
		{699F8C1E-87B8-4591-B4D5-75741BBD87A3}.Release|Any CPU.ActiveCfg = Release|Any CPU
		{699F8C1E-87B8-4591-B4D5-75741BBD87A3}.Release|Any CPU.Build.0 = Release|Any CPU
		{699F8C1E-87B8-4591-B4D5-75741BBD87A3}.Release|iPhone.ActiveCfg = Release|Any CPU
		{699F8C1E-87B8-4591-B4D5-75741BBD87A3}.Release|iPhone.Build.0 = Release|Any CPU
		{699F8C1E-87B8-4591-B4D5-75741BBD87A3}.Release|iPhoneSimulator.ActiveCfg = Release|Any CPU
		{699F8C1E-87B8-4591-B4D5-75741BBD87A3}.Release|iPhoneSimulator.Build.0 = Release|Any CPU
		{A0C6D72F-D4A9-4399-B38B-14E3A0234FB6}.Debug|Any CPU.ActiveCfg = Debug|Any CPU
		{A0C6D72F-D4A9-4399-B38B-14E3A0234FB6}.Debug|Any CPU.Build.0 = Debug|Any CPU
		{A0C6D72F-D4A9-4399-B38B-14E3A0234FB6}.Debug|iPhone.ActiveCfg = Debug|Any CPU
		{A0C6D72F-D4A9-4399-B38B-14E3A0234FB6}.Debug|iPhone.Build.0 = Debug|Any CPU
		{A0C6D72F-D4A9-4399-B38B-14E3A0234FB6}.Debug|iPhoneSimulator.ActiveCfg = Debug|Any CPU
		{A0C6D72F-D4A9-4399-B38B-14E3A0234FB6}.Debug|iPhoneSimulator.Build.0 = Debug|Any CPU
		{A0C6D72F-D4A9-4399-B38B-14E3A0234FB6}.Release|Any CPU.ActiveCfg = Release|Any CPU
		{A0C6D72F-D4A9-4399-B38B-14E3A0234FB6}.Release|Any CPU.Build.0 = Release|Any CPU
		{A0C6D72F-D4A9-4399-B38B-14E3A0234FB6}.Release|iPhone.ActiveCfg = Release|Any CPU
		{A0C6D72F-D4A9-4399-B38B-14E3A0234FB6}.Release|iPhone.Build.0 = Release|Any CPU
		{A0C6D72F-D4A9-4399-B38B-14E3A0234FB6}.Release|iPhoneSimulator.ActiveCfg = Release|Any CPU
		{A0C6D72F-D4A9-4399-B38B-14E3A0234FB6}.Release|iPhoneSimulator.Build.0 = Release|Any CPU
		{AFF0B0D2-FBF2-4702-8A85-000C2DBEF328}.Debug|Any CPU.ActiveCfg = Debug|Any CPU
		{AFF0B0D2-FBF2-4702-8A85-000C2DBEF328}.Debug|Any CPU.Build.0 = Debug|Any CPU
		{AFF0B0D2-FBF2-4702-8A85-000C2DBEF328}.Debug|iPhone.ActiveCfg = Debug|Any CPU
		{AFF0B0D2-FBF2-4702-8A85-000C2DBEF328}.Debug|iPhone.Build.0 = Debug|Any CPU
		{AFF0B0D2-FBF2-4702-8A85-000C2DBEF328}.Debug|iPhoneSimulator.ActiveCfg = Debug|Any CPU
		{AFF0B0D2-FBF2-4702-8A85-000C2DBEF328}.Debug|iPhoneSimulator.Build.0 = Debug|Any CPU
		{AFF0B0D2-FBF2-4702-8A85-000C2DBEF328}.Release|Any CPU.ActiveCfg = Release|Any CPU
		{AFF0B0D2-FBF2-4702-8A85-000C2DBEF328}.Release|Any CPU.Build.0 = Release|Any CPU
		{AFF0B0D2-FBF2-4702-8A85-000C2DBEF328}.Release|iPhone.ActiveCfg = Release|Any CPU
		{AFF0B0D2-FBF2-4702-8A85-000C2DBEF328}.Release|iPhone.Build.0 = Release|Any CPU
		{AFF0B0D2-FBF2-4702-8A85-000C2DBEF328}.Release|iPhoneSimulator.ActiveCfg = Release|Any CPU
		{AFF0B0D2-FBF2-4702-8A85-000C2DBEF328}.Release|iPhoneSimulator.Build.0 = Release|Any CPU
		{E326AE1B-B61F-4167-9C92-D52E307010A7}.Debug|Any CPU.ActiveCfg = Debug|iPhoneSimulator
		{E326AE1B-B61F-4167-9C92-D52E307010A7}.Debug|Any CPU.Build.0 = Debug|iPhoneSimulator
		{E326AE1B-B61F-4167-9C92-D52E307010A7}.Debug|iPhone.ActiveCfg = Debug|iPhone
		{E326AE1B-B61F-4167-9C92-D52E307010A7}.Debug|iPhone.Build.0 = Debug|iPhone
		{E326AE1B-B61F-4167-9C92-D52E307010A7}.Debug|iPhoneSimulator.ActiveCfg = Debug|iPhoneSimulator
		{E326AE1B-B61F-4167-9C92-D52E307010A7}.Debug|iPhoneSimulator.Build.0 = Debug|iPhoneSimulator
		{E326AE1B-B61F-4167-9C92-D52E307010A7}.Release|Any CPU.ActiveCfg = Release|iPhone
		{E326AE1B-B61F-4167-9C92-D52E307010A7}.Release|Any CPU.Build.0 = Release|iPhone
		{E326AE1B-B61F-4167-9C92-D52E307010A7}.Release|iPhone.ActiveCfg = Release|iPhone
		{E326AE1B-B61F-4167-9C92-D52E307010A7}.Release|iPhone.Build.0 = Release|iPhone
		{E326AE1B-B61F-4167-9C92-D52E307010A7}.Release|iPhoneSimulator.ActiveCfg = Release|iPhoneSimulator
		{E326AE1B-B61F-4167-9C92-D52E307010A7}.Release|iPhoneSimulator.Build.0 = Release|iPhoneSimulator
	EndGlobalSection
EndGlobal
