
Microsoft Visual Studio Solution File, Format Version 12.00
# Visual Studio 14
VisualStudioVersion = 14.0.24720.0
MinimumVisualStudioVersion = 10.0.40219.1
Project("{FAE04EC0-301F-11D3-BF4B-00C04F79EFBC}") = "KVS_android", "KVS_android\KVS_android.csproj", "{71365233-FD03-4D44-BA55-28973FFE359A}"
EndProject
Project("{D954291E-2A0B-460D-934E-DC6B0785DB48}") = "Shared", "Shared\Shared.shproj", "{087E12BE-8F4B-4491-80FD-1B91555BE99F}"
EndProject
Project("{FAE04EC0-301F-11D3-BF4B-00C04F79EFBC}") = "KVS_windows", "KVS_windows\KVS_windows.csproj", "{6A9739D7-AD75-4F51-B9F4-3C743996CC0F}"
EndProject
Project("{FAE04EC0-301F-11D3-BF4B-00C04F79EFBC}") = "KVS_iOS", "KVS_iOS\KVS_iOS.csproj", "{CE263192-F081-4A0C-8E45-B0558BE950E4}"
EndProject
Global
	GlobalSection(SharedMSBuildProjectFiles) = preSolution
		Shared\Shared.projitems*{087e12be-8f4b-4491-80fd-1b91555be99f}*SharedItemsImports = 13
	EndGlobalSection
	GlobalSection(SolutionConfigurationPlatforms) = preSolution
		Ad-Hoc|Any CPU = Ad-Hoc|Any CPU
		Ad-Hoc|ARM = Ad-Hoc|ARM
		Ad-Hoc|iPhone = Ad-Hoc|iPhone
		Ad-Hoc|iPhoneSimulator = Ad-Hoc|iPhoneSimulator
		Ad-Hoc|x64 = Ad-Hoc|x64
		Ad-Hoc|x86 = Ad-Hoc|x86
		AppStore|Any CPU = AppStore|Any CPU
		AppStore|ARM = AppStore|ARM
		AppStore|iPhone = AppStore|iPhone
		AppStore|iPhoneSimulator = AppStore|iPhoneSimulator
		AppStore|x64 = AppStore|x64
		AppStore|x86 = AppStore|x86
		Debug|Any CPU = Debug|Any CPU
		Debug|ARM = Debug|ARM
		Debug|iPhone = Debug|iPhone
		Debug|iPhoneSimulator = Debug|iPhoneSimulator
		Debug|x64 = Debug|x64
		Debug|x86 = Debug|x86
		Release|Any CPU = Release|Any CPU
		Release|ARM = Release|ARM
		Release|iPhone = Release|iPhone
		Release|iPhoneSimulator = Release|iPhoneSimulator
		Release|x64 = Release|x64
		Release|x86 = Release|x86
	EndGlobalSection
	GlobalSection(ProjectConfigurationPlatforms) = postSolution
		{71365233-FD03-4D44-BA55-28973FFE359A}.Ad-Hoc|Any CPU.ActiveCfg = Release|Any CPU
		{71365233-FD03-4D44-BA55-28973FFE359A}.Ad-Hoc|Any CPU.Build.0 = Release|Any CPU
		{71365233-FD03-4D44-BA55-28973FFE359A}.Ad-Hoc|Any CPU.Deploy.0 = Release|Any CPU
		{71365233-FD03-4D44-BA55-28973FFE359A}.Ad-Hoc|ARM.ActiveCfg = Release|Any CPU
		{71365233-FD03-4D44-BA55-28973FFE359A}.Ad-Hoc|ARM.Build.0 = Release|Any CPU
		{71365233-FD03-4D44-BA55-28973FFE359A}.Ad-Hoc|ARM.Deploy.0 = Release|Any CPU
		{71365233-FD03-4D44-BA55-28973FFE359A}.Ad-Hoc|iPhone.ActiveCfg = Release|Any CPU
		{71365233-FD03-4D44-BA55-28973FFE359A}.Ad-Hoc|iPhone.Build.0 = Release|Any CPU
		{71365233-FD03-4D44-BA55-28973FFE359A}.Ad-Hoc|iPhone.Deploy.0 = Release|Any CPU
		{71365233-FD03-4D44-BA55-28973FFE359A}.Ad-Hoc|iPhoneSimulator.ActiveCfg = Release|Any CPU
		{71365233-FD03-4D44-BA55-28973FFE359A}.Ad-Hoc|iPhoneSimulator.Build.0 = Release|Any CPU
		{71365233-FD03-4D44-BA55-28973FFE359A}.Ad-Hoc|iPhoneSimulator.Deploy.0 = Release|Any CPU
		{71365233-FD03-4D44-BA55-28973FFE359A}.Ad-Hoc|x64.ActiveCfg = Release|Any CPU
		{71365233-FD03-4D44-BA55-28973FFE359A}.Ad-Hoc|x64.Build.0 = Release|Any CPU
		{71365233-FD03-4D44-BA55-28973FFE359A}.Ad-Hoc|x64.Deploy.0 = Release|Any CPU
		{71365233-FD03-4D44-BA55-28973FFE359A}.Ad-Hoc|x86.ActiveCfg = Release|Any CPU
		{71365233-FD03-4D44-BA55-28973FFE359A}.Ad-Hoc|x86.Build.0 = Release|Any CPU
		{71365233-FD03-4D44-BA55-28973FFE359A}.Ad-Hoc|x86.Deploy.0 = Release|Any CPU
		{71365233-FD03-4D44-BA55-28973FFE359A}.AppStore|Any CPU.ActiveCfg = Release|Any CPU
		{71365233-FD03-4D44-BA55-28973FFE359A}.AppStore|Any CPU.Build.0 = Release|Any CPU
		{71365233-FD03-4D44-BA55-28973FFE359A}.AppStore|Any CPU.Deploy.0 = Release|Any CPU
		{71365233-FD03-4D44-BA55-28973FFE359A}.AppStore|ARM.ActiveCfg = Release|Any CPU
		{71365233-FD03-4D44-BA55-28973FFE359A}.AppStore|ARM.Build.0 = Release|Any CPU
		{71365233-FD03-4D44-BA55-28973FFE359A}.AppStore|ARM.Deploy.0 = Release|Any CPU
		{71365233-FD03-4D44-BA55-28973FFE359A}.AppStore|iPhone.ActiveCfg = Release|Any CPU
		{71365233-FD03-4D44-BA55-28973FFE359A}.AppStore|iPhone.Build.0 = Release|Any CPU
		{71365233-FD03-4D44-BA55-28973FFE359A}.AppStore|iPhone.Deploy.0 = Release|Any CPU
		{71365233-FD03-4D44-BA55-28973FFE359A}.AppStore|iPhoneSimulator.ActiveCfg = Release|Any CPU
		{71365233-FD03-4D44-BA55-28973FFE359A}.AppStore|iPhoneSimulator.Build.0 = Release|Any CPU
		{71365233-FD03-4D44-BA55-28973FFE359A}.AppStore|iPhoneSimulator.Deploy.0 = Release|Any CPU
		{71365233-FD03-4D44-BA55-28973FFE359A}.AppStore|x64.ActiveCfg = Release|Any CPU
		{71365233-FD03-4D44-BA55-28973FFE359A}.AppStore|x64.Build.0 = Release|Any CPU
		{71365233-FD03-4D44-BA55-28973FFE359A}.AppStore|x64.Deploy.0 = Release|Any CPU
		{71365233-FD03-4D44-BA55-28973FFE359A}.AppStore|x86.ActiveCfg = Release|Any CPU
		{71365233-FD03-4D44-BA55-28973FFE359A}.AppStore|x86.Build.0 = Release|Any CPU
		{71365233-FD03-4D44-BA55-28973FFE359A}.AppStore|x86.Deploy.0 = Release|Any CPU
		{71365233-FD03-4D44-BA55-28973FFE359A}.Debug|Any CPU.ActiveCfg = Debug|Any CPU
		{71365233-FD03-4D44-BA55-28973FFE359A}.Debug|Any CPU.Build.0 = Debug|Any CPU
		{71365233-FD03-4D44-BA55-28973FFE359A}.Debug|Any CPU.Deploy.0 = Debug|Any CPU
		{71365233-FD03-4D44-BA55-28973FFE359A}.Debug|ARM.ActiveCfg = Debug|Any CPU
		{71365233-FD03-4D44-BA55-28973FFE359A}.Debug|ARM.Build.0 = Debug|Any CPU
		{71365233-FD03-4D44-BA55-28973FFE359A}.Debug|ARM.Deploy.0 = Debug|Any CPU
		{71365233-FD03-4D44-BA55-28973FFE359A}.Debug|iPhone.ActiveCfg = Debug|Any CPU
		{71365233-FD03-4D44-BA55-28973FFE359A}.Debug|iPhone.Build.0 = Debug|Any CPU
		{71365233-FD03-4D44-BA55-28973FFE359A}.Debug|iPhone.Deploy.0 = Debug|Any CPU
		{71365233-FD03-4D44-BA55-28973FFE359A}.Debug|iPhoneSimulator.ActiveCfg = Debug|Any CPU
		{71365233-FD03-4D44-BA55-28973FFE359A}.Debug|iPhoneSimulator.Build.0 = Debug|Any CPU
		{71365233-FD03-4D44-BA55-28973FFE359A}.Debug|iPhoneSimulator.Deploy.0 = Debug|Any CPU
		{71365233-FD03-4D44-BA55-28973FFE359A}.Debug|x64.ActiveCfg = Debug|Any CPU
		{71365233-FD03-4D44-BA55-28973FFE359A}.Debug|x64.Build.0 = Debug|Any CPU
		{71365233-FD03-4D44-BA55-28973FFE359A}.Debug|x64.Deploy.0 = Debug|Any CPU
		{71365233-FD03-4D44-BA55-28973FFE359A}.Debug|x86.ActiveCfg = Debug|Any CPU
		{71365233-FD03-4D44-BA55-28973FFE359A}.Debug|x86.Build.0 = Debug|Any CPU
		{71365233-FD03-4D44-BA55-28973FFE359A}.Debug|x86.Deploy.0 = Debug|Any CPU
		{71365233-FD03-4D44-BA55-28973FFE359A}.Release|Any CPU.ActiveCfg = Release|Any CPU
		{71365233-FD03-4D44-BA55-28973FFE359A}.Release|Any CPU.Build.0 = Release|Any CPU
		{71365233-FD03-4D44-BA55-28973FFE359A}.Release|Any CPU.Deploy.0 = Release|Any CPU
		{71365233-FD03-4D44-BA55-28973FFE359A}.Release|ARM.ActiveCfg = Release|Any CPU
		{71365233-FD03-4D44-BA55-28973FFE359A}.Release|ARM.Build.0 = Release|Any CPU
		{71365233-FD03-4D44-BA55-28973FFE359A}.Release|ARM.Deploy.0 = Release|Any CPU
		{71365233-FD03-4D44-BA55-28973FFE359A}.Release|iPhone.ActiveCfg = Release|Any CPU
		{71365233-FD03-4D44-BA55-28973FFE359A}.Release|iPhone.Build.0 = Release|Any CPU
		{71365233-FD03-4D44-BA55-28973FFE359A}.Release|iPhone.Deploy.0 = Release|Any CPU
		{71365233-FD03-4D44-BA55-28973FFE359A}.Release|iPhoneSimulator.ActiveCfg = Release|Any CPU
		{71365233-FD03-4D44-BA55-28973FFE359A}.Release|iPhoneSimulator.Build.0 = Release|Any CPU
		{71365233-FD03-4D44-BA55-28973FFE359A}.Release|iPhoneSimulator.Deploy.0 = Release|Any CPU
		{71365233-FD03-4D44-BA55-28973FFE359A}.Release|x64.ActiveCfg = Release|Any CPU
		{71365233-FD03-4D44-BA55-28973FFE359A}.Release|x64.Build.0 = Release|Any CPU
		{71365233-FD03-4D44-BA55-28973FFE359A}.Release|x64.Deploy.0 = Release|Any CPU
		{71365233-FD03-4D44-BA55-28973FFE359A}.Release|x86.ActiveCfg = Release|Any CPU
		{71365233-FD03-4D44-BA55-28973FFE359A}.Release|x86.Build.0 = Release|Any CPU
		{71365233-FD03-4D44-BA55-28973FFE359A}.Release|x86.Deploy.0 = Release|Any CPU
		{6A9739D7-AD75-4F51-B9F4-3C743996CC0F}.Ad-Hoc|Any CPU.ActiveCfg = Release|Any CPU
		{6A9739D7-AD75-4F51-B9F4-3C743996CC0F}.Ad-Hoc|Any CPU.Build.0 = Release|Any CPU
		{6A9739D7-AD75-4F51-B9F4-3C743996CC0F}.Ad-Hoc|Any CPU.Deploy.0 = Release|Any CPU
		{6A9739D7-AD75-4F51-B9F4-3C743996CC0F}.Ad-Hoc|ARM.ActiveCfg = Release|ARM
		{6A9739D7-AD75-4F51-B9F4-3C743996CC0F}.Ad-Hoc|ARM.Build.0 = Release|ARM
		{6A9739D7-AD75-4F51-B9F4-3C743996CC0F}.Ad-Hoc|ARM.Deploy.0 = Release|ARM
		{6A9739D7-AD75-4F51-B9F4-3C743996CC0F}.Ad-Hoc|iPhone.ActiveCfg = Release|Any CPU
		{6A9739D7-AD75-4F51-B9F4-3C743996CC0F}.Ad-Hoc|iPhone.Build.0 = Release|Any CPU
		{6A9739D7-AD75-4F51-B9F4-3C743996CC0F}.Ad-Hoc|iPhone.Deploy.0 = Release|Any CPU
		{6A9739D7-AD75-4F51-B9F4-3C743996CC0F}.Ad-Hoc|iPhoneSimulator.ActiveCfg = Release|Any CPU
		{6A9739D7-AD75-4F51-B9F4-3C743996CC0F}.Ad-Hoc|iPhoneSimulator.Build.0 = Release|Any CPU
		{6A9739D7-AD75-4F51-B9F4-3C743996CC0F}.Ad-Hoc|iPhoneSimulator.Deploy.0 = Release|Any CPU
		{6A9739D7-AD75-4F51-B9F4-3C743996CC0F}.Ad-Hoc|x64.ActiveCfg = Release|x64
		{6A9739D7-AD75-4F51-B9F4-3C743996CC0F}.Ad-Hoc|x64.Build.0 = Release|x64
		{6A9739D7-AD75-4F51-B9F4-3C743996CC0F}.Ad-Hoc|x64.Deploy.0 = Release|x64
		{6A9739D7-AD75-4F51-B9F4-3C743996CC0F}.Ad-Hoc|x86.ActiveCfg = Release|x86
		{6A9739D7-AD75-4F51-B9F4-3C743996CC0F}.Ad-Hoc|x86.Build.0 = Release|x86
		{6A9739D7-AD75-4F51-B9F4-3C743996CC0F}.Ad-Hoc|x86.Deploy.0 = Release|x86
		{6A9739D7-AD75-4F51-B9F4-3C743996CC0F}.AppStore|Any CPU.ActiveCfg = Release|Any CPU
		{6A9739D7-AD75-4F51-B9F4-3C743996CC0F}.AppStore|Any CPU.Build.0 = Release|Any CPU
		{6A9739D7-AD75-4F51-B9F4-3C743996CC0F}.AppStore|Any CPU.Deploy.0 = Release|Any CPU
		{6A9739D7-AD75-4F51-B9F4-3C743996CC0F}.AppStore|ARM.ActiveCfg = Release|ARM
		{6A9739D7-AD75-4F51-B9F4-3C743996CC0F}.AppStore|ARM.Build.0 = Release|ARM
		{6A9739D7-AD75-4F51-B9F4-3C743996CC0F}.AppStore|ARM.Deploy.0 = Release|ARM
		{6A9739D7-AD75-4F51-B9F4-3C743996CC0F}.AppStore|iPhone.ActiveCfg = Release|Any CPU
		{6A9739D7-AD75-4F51-B9F4-3C743996CC0F}.AppStore|iPhone.Build.0 = Release|Any CPU
		{6A9739D7-AD75-4F51-B9F4-3C743996CC0F}.AppStore|iPhone.Deploy.0 = Release|Any CPU
		{6A9739D7-AD75-4F51-B9F4-3C743996CC0F}.AppStore|iPhoneSimulator.ActiveCfg = Release|Any CPU
		{6A9739D7-AD75-4F51-B9F4-3C743996CC0F}.AppStore|iPhoneSimulator.Build.0 = Release|Any CPU
		{6A9739D7-AD75-4F51-B9F4-3C743996CC0F}.AppStore|iPhoneSimulator.Deploy.0 = Release|Any CPU
		{6A9739D7-AD75-4F51-B9F4-3C743996CC0F}.AppStore|x64.ActiveCfg = Release|x64
		{6A9739D7-AD75-4F51-B9F4-3C743996CC0F}.AppStore|x64.Build.0 = Release|x64
		{6A9739D7-AD75-4F51-B9F4-3C743996CC0F}.AppStore|x64.Deploy.0 = Release|x64
		{6A9739D7-AD75-4F51-B9F4-3C743996CC0F}.AppStore|x86.ActiveCfg = Release|x86
		{6A9739D7-AD75-4F51-B9F4-3C743996CC0F}.AppStore|x86.Build.0 = Release|x86
		{6A9739D7-AD75-4F51-B9F4-3C743996CC0F}.AppStore|x86.Deploy.0 = Release|x86
		{6A9739D7-AD75-4F51-B9F4-3C743996CC0F}.Debug|Any CPU.ActiveCfg = Debug|Any CPU
		{6A9739D7-AD75-4F51-B9F4-3C743996CC0F}.Debug|Any CPU.Build.0 = Debug|Any CPU
		{6A9739D7-AD75-4F51-B9F4-3C743996CC0F}.Debug|Any CPU.Deploy.0 = Debug|Any CPU
		{6A9739D7-AD75-4F51-B9F4-3C743996CC0F}.Debug|ARM.ActiveCfg = Debug|ARM
		{6A9739D7-AD75-4F51-B9F4-3C743996CC0F}.Debug|ARM.Build.0 = Debug|ARM
		{6A9739D7-AD75-4F51-B9F4-3C743996CC0F}.Debug|ARM.Deploy.0 = Debug|ARM
		{6A9739D7-AD75-4F51-B9F4-3C743996CC0F}.Debug|iPhone.ActiveCfg = Debug|Any CPU
		{6A9739D7-AD75-4F51-B9F4-3C743996CC0F}.Debug|iPhone.Build.0 = Debug|Any CPU
		{6A9739D7-AD75-4F51-B9F4-3C743996CC0F}.Debug|iPhone.Deploy.0 = Debug|Any CPU
		{6A9739D7-AD75-4F51-B9F4-3C743996CC0F}.Debug|iPhoneSimulator.ActiveCfg = Debug|Any CPU
		{6A9739D7-AD75-4F51-B9F4-3C743996CC0F}.Debug|iPhoneSimulator.Build.0 = Debug|Any CPU
		{6A9739D7-AD75-4F51-B9F4-3C743996CC0F}.Debug|iPhoneSimulator.Deploy.0 = Debug|Any CPU
		{6A9739D7-AD75-4F51-B9F4-3C743996CC0F}.Debug|x64.ActiveCfg = Debug|x64
		{6A9739D7-AD75-4F51-B9F4-3C743996CC0F}.Debug|x64.Build.0 = Debug|x64
		{6A9739D7-AD75-4F51-B9F4-3C743996CC0F}.Debug|x64.Deploy.0 = Debug|x64
		{6A9739D7-AD75-4F51-B9F4-3C743996CC0F}.Debug|x86.ActiveCfg = Debug|x86
		{6A9739D7-AD75-4F51-B9F4-3C743996CC0F}.Debug|x86.Build.0 = Debug|x86
		{6A9739D7-AD75-4F51-B9F4-3C743996CC0F}.Debug|x86.Deploy.0 = Debug|x86
		{6A9739D7-AD75-4F51-B9F4-3C743996CC0F}.Release|Any CPU.ActiveCfg = Release|Any CPU
		{6A9739D7-AD75-4F51-B9F4-3C743996CC0F}.Release|Any CPU.Build.0 = Release|Any CPU
		{6A9739D7-AD75-4F51-B9F4-3C743996CC0F}.Release|Any CPU.Deploy.0 = Release|Any CPU
		{6A9739D7-AD75-4F51-B9F4-3C743996CC0F}.Release|ARM.ActiveCfg = Release|ARM
		{6A9739D7-AD75-4F51-B9F4-3C743996CC0F}.Release|ARM.Build.0 = Release|ARM
		{6A9739D7-AD75-4F51-B9F4-3C743996CC0F}.Release|ARM.Deploy.0 = Release|ARM
		{6A9739D7-AD75-4F51-B9F4-3C743996CC0F}.Release|iPhone.ActiveCfg = Release|Any CPU
		{6A9739D7-AD75-4F51-B9F4-3C743996CC0F}.Release|iPhone.Build.0 = Release|Any CPU
		{6A9739D7-AD75-4F51-B9F4-3C743996CC0F}.Release|iPhone.Deploy.0 = Release|Any CPU
		{6A9739D7-AD75-4F51-B9F4-3C743996CC0F}.Release|iPhoneSimulator.ActiveCfg = Release|Any CPU
		{6A9739D7-AD75-4F51-B9F4-3C743996CC0F}.Release|iPhoneSimulator.Build.0 = Release|Any CPU
		{6A9739D7-AD75-4F51-B9F4-3C743996CC0F}.Release|iPhoneSimulator.Deploy.0 = Release|Any CPU
		{6A9739D7-AD75-4F51-B9F4-3C743996CC0F}.Release|x64.ActiveCfg = Release|x64
		{6A9739D7-AD75-4F51-B9F4-3C743996CC0F}.Release|x64.Build.0 = Release|x64
		{6A9739D7-AD75-4F51-B9F4-3C743996CC0F}.Release|x64.Deploy.0 = Release|x64
		{6A9739D7-AD75-4F51-B9F4-3C743996CC0F}.Release|x86.ActiveCfg = Release|x86
		{6A9739D7-AD75-4F51-B9F4-3C743996CC0F}.Release|x86.Build.0 = Release|x86
		{6A9739D7-AD75-4F51-B9F4-3C743996CC0F}.Release|x86.Deploy.0 = Release|x86
		{CE263192-F081-4A0C-8E45-B0558BE950E4}.Ad-Hoc|Any CPU.ActiveCfg = Ad-Hoc|iPhone
		{CE263192-F081-4A0C-8E45-B0558BE950E4}.Ad-Hoc|ARM.ActiveCfg = Ad-Hoc|iPhone
		{CE263192-F081-4A0C-8E45-B0558BE950E4}.Ad-Hoc|iPhone.ActiveCfg = Ad-Hoc|iPhone
		{CE263192-F081-4A0C-8E45-B0558BE950E4}.Ad-Hoc|iPhone.Build.0 = Ad-Hoc|iPhone
		{CE263192-F081-4A0C-8E45-B0558BE950E4}.Ad-Hoc|iPhoneSimulator.ActiveCfg = Ad-Hoc|iPhoneSimulator
		{CE263192-F081-4A0C-8E45-B0558BE950E4}.Ad-Hoc|iPhoneSimulator.Build.0 = Ad-Hoc|iPhoneSimulator
		{CE263192-F081-4A0C-8E45-B0558BE950E4}.Ad-Hoc|x64.ActiveCfg = Ad-Hoc|iPhone
		{CE263192-F081-4A0C-8E45-B0558BE950E4}.Ad-Hoc|x86.ActiveCfg = Ad-Hoc|iPhone
		{CE263192-F081-4A0C-8E45-B0558BE950E4}.AppStore|Any CPU.ActiveCfg = AppStore|iPhone
		{CE263192-F081-4A0C-8E45-B0558BE950E4}.AppStore|ARM.ActiveCfg = AppStore|iPhone
		{CE263192-F081-4A0C-8E45-B0558BE950E4}.AppStore|iPhone.ActiveCfg = AppStore|iPhone
		{CE263192-F081-4A0C-8E45-B0558BE950E4}.AppStore|iPhone.Build.0 = AppStore|iPhone
		{CE263192-F081-4A0C-8E45-B0558BE950E4}.AppStore|iPhoneSimulator.ActiveCfg = AppStore|iPhoneSimulator
		{CE263192-F081-4A0C-8E45-B0558BE950E4}.AppStore|iPhoneSimulator.Build.0 = AppStore|iPhoneSimulator
		{CE263192-F081-4A0C-8E45-B0558BE950E4}.AppStore|x64.ActiveCfg = AppStore|iPhone
		{CE263192-F081-4A0C-8E45-B0558BE950E4}.AppStore|x86.ActiveCfg = AppStore|iPhone
		{CE263192-F081-4A0C-8E45-B0558BE950E4}.Debug|Any CPU.ActiveCfg = Debug|iPhone
		{CE263192-F081-4A0C-8E45-B0558BE950E4}.Debug|ARM.ActiveCfg = Debug|iPhone
		{CE263192-F081-4A0C-8E45-B0558BE950E4}.Debug|iPhone.ActiveCfg = Debug|iPhone
		{CE263192-F081-4A0C-8E45-B0558BE950E4}.Debug|iPhone.Build.0 = Debug|iPhone
		{CE263192-F081-4A0C-8E45-B0558BE950E4}.Debug|iPhoneSimulator.ActiveCfg = Debug|iPhoneSimulator
		{CE263192-F081-4A0C-8E45-B0558BE950E4}.Debug|iPhoneSimulator.Build.0 = Debug|iPhoneSimulator
		{CE263192-F081-4A0C-8E45-B0558BE950E4}.Debug|x64.ActiveCfg = Debug|iPhone
		{CE263192-F081-4A0C-8E45-B0558BE950E4}.Debug|x86.ActiveCfg = Debug|iPhone
		{CE263192-F081-4A0C-8E45-B0558BE950E4}.Release|Any CPU.ActiveCfg = Release|iPhone
		{CE263192-F081-4A0C-8E45-B0558BE950E4}.Release|ARM.ActiveCfg = Release|iPhone
		{CE263192-F081-4A0C-8E45-B0558BE950E4}.Release|iPhone.ActiveCfg = Release|iPhone
		{CE263192-F081-4A0C-8E45-B0558BE950E4}.Release|iPhone.Build.0 = Release|iPhone
		{CE263192-F081-4A0C-8E45-B0558BE950E4}.Release|iPhoneSimulator.ActiveCfg = Release|iPhoneSimulator
		{CE263192-F081-4A0C-8E45-B0558BE950E4}.Release|iPhoneSimulator.Build.0 = Release|iPhoneSimulator
		{CE263192-F081-4A0C-8E45-B0558BE950E4}.Release|x64.ActiveCfg = Release|iPhone
		{CE263192-F081-4A0C-8E45-B0558BE950E4}.Release|x86.ActiveCfg = Release|iPhone
	EndGlobalSection
	GlobalSection(SolutionProperties) = preSolution
		HideSolutionNode = FALSE
	EndGlobalSection
EndGlobal
